<?xml version="1.0" encoding="utf-8"?>
<Project ToolsVersion="4.0" xmlns="http://schemas.microsoft.com/developer/msbuild/2003">
  <ItemGroup>
    <ClCompile Include="Main.cpp" />
    <ClCompile Include="MainGame.cpp" />
    <ClCompile Include="stdafx.cpp" />
    <ClCompile Include="Scenes\Week 3\MinionScene.cpp" />
    <ClCompile Include="Materials\ColorMaterial.cpp" />
    <ClCompile Include="Prefabs\SpherePrefab.cpp" />
    <ClCompile Include="Prefabs\TorusPrefab.cpp" />
    <ClCompile Include="Prefabs\CubePrefab.cpp" />
    <ClCompile Include="Scenes\Week 3\ComponentTestScene.cpp" />
    <ClCompile Include="Scenes\Week 3\PongScene.cpp" />
    <ClCompile Include="Scenes\Week 4\ModelTestScene.cpp" />
    <ClCompile Include="Materials\DiffuseMaterial.cpp" />
    <ClCompile Include="Scenes\Week 4\SpriteTestScene.cpp" />
    <ClCompile Include="Scenes\Week 4\SpikyScene.cpp" />
    <ClCompile Include="Materials\SpikyMaterial.cpp" />
    <ClCompile Include="Scenes\Week 4\UberMaterialScene.cpp" />
    <ClCompile Include="Materials\UberMaterial.cpp" />
    <ClCompile Include="Scenes\Week 5\SoftwareSkinningScene_1.cpp" />
    <ClCompile Include="Prefabs\BoneObject.cpp" />
    <ClCompile Include="Scenes\Week 5\SoftwareSkinningScene_2.cpp" />
    <ClCompile Include="Scenes\Week 6\HardwareSkinningScene.cpp" />
    <ClCompile Include="Materials\DiffuseMaterial_Skinned.cpp" />
    <ClCompile Include="Scenes\Week 5\SoftwareSkinningScene_3.cpp" />
    <ClCompile Include="Scenes\Week 7\FontTestScene.cpp" />
    <ClCompile Include="Scenes\Week 7\CharacterScene.cpp" />
    <ClCompile Include="Scenes\Week 7\PickingScene.cpp" />
    <ClCompile Include="Prefabs\Character.cpp" />
    <ClCompile Include="Scenes\Week 8\ShadowMappingScene.cpp" />
    <ClCompile Include="Materials\Shadow\DiffuseMaterial_Shadow.cpp" />
    <ClCompile Include="Materials\Shadow\DiffuseMaterial_Shadow_Skinned.cpp" />
    <ClCompile Include="Scenes\Week 9\ParticleScene.cpp" />
    <ClCompile Include="Scenes\Week 10\PostProcessingScene.cpp" />
    <ClCompile Include="Materials\Post\PostGrayscale.cpp" />
    <ClCompile Include="Materials\Post\PostBlur.cpp" />
    <ClCompile Include="Scenes\Exam\MainMenuScene.cpp" />
    <ClCompile Include="Prefabs\Exam\UI\UIManager.cpp" />
    <ClCompile Include="Prefabs\Exam\UI\Buttons\UIButton.cpp" />
    <ClCompile Include="Scenes\Exam\LevelScene.cpp" />
    <ClCompile Include="Prefabs\Exam\Level\GridMap.cpp" />
    <ClCompile Include="Prefabs\Exam\Level\GridObject.cpp" />
    <ClCompile Include="Prefabs\Exam\Level\Block.cpp" />
    <ClCompile Include="Components\GridMovementComponent.cpp" />
    <ClCompile Include="Prefabs\Exam\Player\Player.cpp" />
    <ClCompile Include="Materials\Shadow\ColorMaterial_Shadow_Skinned.cpp" />
    <ClCompile Include="Components\PlaceBombComponent.cpp" />
    <ClCompile Include="Prefabs\Exam\Bomb\Bomb.cpp" />
    <ClCompile Include="Prefabs\Exam\Bomb\Explosion.cpp" />
    <ClCompile Include="Prefabs\Exam\Power-Ups\PowerUp.cpp" />
    <ClCompile Include="Components\PowerUpSpawnerComponent.cpp" />
    <ClCompile Include="Prefabs\Exam\Power-Ups\FirePowerUp.cpp" />
    <ClCompile Include="Prefabs\Exam\Power-Ups\BombUpPowerUp.cpp" />
    <ClCompile Include="Prefabs\Exam\Power-Ups\SkatePowerUp.cpp" />
    <ClCompile Include="Prefabs\Exam\Power-Ups\BombDownPowerUp.cpp" />
    <ClCompile Include="Prefabs\Exam\Power-Ups\FireDownPowerUp.cpp" />
    <ClCompile Include="Prefabs\Exam\Power-Ups\GetaPowerUp.cpp" />
    <ClCompile Include="Prefabs\Exam\Bomb\ExplosionParticleEffect.cpp" />
    <ClCompile Include="Prefabs\Exam\UI\CountdownTimer.cpp" />
    <ClCompile Include="Scenes\Exam\EndScene.cpp" />
    <ClCompile Include="Materials\Post\PostBloom.cpp" />
  </ItemGroup>
  <ItemGroup>
    <ClInclude Include="MainGame.h" />
    <ClInclude Include="stdafx.h" />
    <ClInclude Include="Scenes\Week 3\MinionScene.h" />
    <ClInclude Include="Materials\ColorMaterial.h" />
    <ClInclude Include="Prefabs\SpherePrefab.h" />
    <ClInclude Include="Prefabs\TorusPrefab.h" />
    <ClInclude Include="Prefabs\CubePrefab.h" />
    <ClInclude Include="Scenes\Week 3\ComponentTestScene.h" />
    <ClInclude Include="Scenes\Week 3\PongScene.h" />
    <ClInclude Include="Scenes\Week 4\ModelTestScene.h" />
    <ClInclude Include="Materials\DiffuseMaterial.h" />
    <ClInclude Include="Scenes\Week 4\SpriteTestScene.h" />
    <ClInclude Include="Scenes\Week 4\SpikyScene.h" />
    <ClInclude Include="Materials\SpikyMaterial.h" />
    <ClInclude Include="Scenes\Week 4\UberMaterialScene.h" />
    <ClInclude Include="Materials\UberMaterial.h" />
    <ClInclude Include="Scenes\Week 5\SoftwareSkinningScene_1.h" />
    <ClInclude Include="Prefabs\BoneObject.h" />
    <ClInclude Include="Scenes\Week 5\SoftwareSkinningScene_2.h" />
    <ClInclude Include="Scenes\Week 6\HardwareSkinningScene.h" />
    <ClInclude Include="Materials\DiffuseMaterial_Skinned.h" />
    <ClInclude Include="Scenes\Week 5\SoftwareSkinningScene_3.h" />
    <ClInclude Include="Scenes\Week 7\FontTestScene.h" />
    <ClInclude Include="Scenes\Week 7\CharacterScene.h" />
    <ClInclude Include="Scenes\Week 7\PickingScene.h" />
    <ClInclude Include="Prefabs\Character.h" />
    <ClInclude Include="Scenes\Week 8\ShadowMappingScene.h" />
    <ClInclude Include="Materials\Shadow\DiffuseMaterial_Shadow.h" />
    <ClInclude Include="Materials\Shadow\DiffuseMaterial_Shadow_Skinned.h" />
    <ClInclude Include="Scenes\Week 9\ParticleScene.h" />
    <ClInclude Include="Scenes\Week 10\PostProcessingScene.h" />
    <ClInclude Include="Materials\Post\PostGrayscale.h" />
    <ClInclude Include="Materials\Post\PostBlur.h" />
    <ClInclude Include="Scenes\Exam\MainMenuScene.h" />
    <ClInclude Include="Prefabs\Exam\UI\UIManager.h" />
    <ClInclude Include="Prefabs\Exam\UI\Buttons\UIButton.h" />
    <ClInclude Include="Scenes\Exam\LevelScene.h" />
    <ClInclude Include="Prefabs\Exam\Level\GridMap.h" />
    <ClInclude Include="Prefabs\Exam\Level\GridObject.h" />
    <ClInclude Include="Prefabs\Exam\Level\Block.h" />
    <ClInclude Include="Components\GridMovementComponent.h" />
    <ClInclude Include="Prefabs\Exam\Player\Player.h" />
    <ClInclude Include="Exam\ExamInput.h" />
    <ClInclude Include="Materials\Shadow\ColorMaterial_Shadow_Skinned.h" />
    <ClInclude Include="Components\PlaceBombComponent.h" />
    <ClInclude Include="Prefabs\Exam\Bomb\Bomb.h" />
    <ClInclude Include="Prefabs\Exam\Bomb\Explosion.h" />
    <ClInclude Include="Prefabs\Exam\Power-Ups\PowerUp.h" />
    <ClInclude Include="Components\PowerUpSpawnerComponent.h" />
    <ClInclude Include="Prefabs\Exam\Power-Ups\FirePowerUp.h" />
    <ClInclude Include="Exam\ExamAssets.h" />
    <ClInclude Include="Prefabs\Exam\Power-Ups\BombUpPowerUp.h" />
    <ClInclude Include="Prefabs\Exam\Power-Ups\SkatePowerUp.h" />
    <ClInclude Include="Prefabs\Exam\Power-Ups\BombDownPowerUp.h" />
    <ClInclude Include="Prefabs\Exam\Power-Ups\FireDownPowerUp.h" />
    <ClInclude Include="Prefabs\Exam\Power-Ups\GetaPowerUp.h" />
    <ClInclude Include="Prefabs\Exam\Bomb\ExplosionParticleEffect.h" />
    <ClInclude Include="Prefabs\Exam\UI\CountdownTimer.h" />
    <ClInclude Include="Scenes\Exam\EndScene.h" />
    <ClInclude Include="Materials\Post\PostBloom.h" />
  </ItemGroup>
</Project>